
Microsoft Visual Studio Solution File, Format Version 12.00
# Visual Studio Version 17
VisualStudioVersion = 17.3.32929.385
MinimumVisualStudioVersion = 10.0.40219.1
Project("{FAE04EC0-301F-11D3-BF4B-00C04F79EFBC}") = "StuMS", "StuMS\StuMS.csproj", "{B6B9B0A4-04B3-45B3-9CBB-8E3020530CD3}"
EndProject
Global
	GlobalSection(SolutionConfigurationPlatforms) = preSolution
		Debug|Any CPU = Debug|Any CPU
		Release|Any CPU = Release|Any CPU
	EndGlobalSection
	GlobalSection(ProjectConfigurationPlatforms) = postSolution
		{B6B9B0A4-04B3-45B3-9CBB-8E3020530CD3}.Debug|Any CPU.ActiveCfg = Debug|Any CPU
		{B6B9B0A4-04B3-45B3-9CBB-8E3020530CD3}.Debug|Any CPU.Build.0 = Debug|Any CPU
		{B6B9B0A4-04B3-45B3-9CBB-8E3020530CD3}.Release|Any CPU.ActiveCfg = Release|Any CPU
		{B6B9B0A4-04B3-45B3-9CBB-8E3020530CD3}.Release|Any CPU.Build.0 = Release|Any CPU
	EndGlobalSection
	GlobalSection(SolutionProperties) = preSolution
		HideSolutionNode = FALSE
	EndGlobalSection
	GlobalSection(ExtensibilityGlobals) = postSolution
		SolutionGuid = {BDD7E73E-9609-4740-B54A-10F9BC41DBA3}
	EndGlobalSection
EndGlobal
